
Microsoft Visual Studio Solution File, Format Version 11.00
# Visual Studio 2010
Project("{FAE04EC0-301F-11D3-BF4B-00C04F79EFBC}") = "GaiaIndentAnimation", "Assembly-CSharp-firstpass.csproj", "{53BA7C51-8B29-6EFF-142A-1B0123C5EC1E}"
EndProject
Project("{FAE04EC0-301F-11D3-BF4B-00C04F79EFBC}") = "GaiaIndentAnimation", "Assembly-CSharp.csproj", "{CA3B42D7-4068-D948-4D37-6E0FA2493273}"
EndProject
Project("{FAE04EC0-301F-11D3-BF4B-00C04F79EFBC}") = "GaiaIndentAnimation", "Assembly-CSharp-Editor-firstpass.csproj", "{6DCC7060-807A-4496-5373-AD45FB6DC825}"
EndProject
Global
	GlobalSection(SolutionConfigurationPlatforms) = preSolution
		Debug|Any CPU = Debug|Any CPU
		Release|Any CPU = Release|Any CPU
	EndGlobalSection
	GlobalSection(ProjectConfigurationPlatforms) = postSolution
		{53BA7C51-8B29-6EFF-142A-1B0123C5EC1E}.Debug|Any CPU.ActiveCfg = Debug|Any CPU
		{53BA7C51-8B29-6EFF-142A-1B0123C5EC1E}.Debug|Any CPU.Build.0 = Debug|Any CPU
		{53BA7C51-8B29-6EFF-142A-1B0123C5EC1E}.Release|Any CPU.ActiveCfg = Release|Any CPU
		{53BA7C51-8B29-6EFF-142A-1B0123C5EC1E}.Release|Any CPU.Build.0 = Release|Any CPU
		{CA3B42D7-4068-D948-4D37-6E0FA2493273}.Debug|Any CPU.ActiveCfg = Debug|Any CPU
		{CA3B42D7-4068-D948-4D37-6E0FA2493273}.Debug|Any CPU.Build.0 = Debug|Any CPU
		{CA3B42D7-4068-D948-4D37-6E0FA2493273}.Release|Any CPU.ActiveCfg = Release|Any CPU
		{CA3B42D7-4068-D948-4D37-6E0FA2493273}.Release|Any CPU.Build.0 = Release|Any CPU
		{6DCC7060-807A-4496-5373-AD45FB6DC825}.Debug|Any CPU.ActiveCfg = Debug|Any CPU
		{6DCC7060-807A-4496-5373-AD45FB6DC825}.Debug|Any CPU.Build.0 = Debug|Any CPU
		{6DCC7060-807A-4496-5373-AD45FB6DC825}.Release|Any CPU.ActiveCfg = Release|Any CPU
		{6DCC7060-807A-4496-5373-AD45FB6DC825}.Release|Any CPU.Build.0 = Release|Any CPU
	EndGlobalSection
	GlobalSection(SolutionProperties) = preSolution
		HideSolutionNode = FALSE
	EndGlobalSection
	GlobalSection(MonoDevelopProperties) = preSolution
		StartupItem = Assembly-CSharp.csproj
	EndGlobalSection
EndGlobal
